<?xml version="1.0" encoding="utf-8"?>
<Project ToolsVersion="4.0" xmlns="http://schemas.microsoft.com/developer/msbuild/2003">
  <ItemGroup>
    <Filter Include="Source Files">
      <UniqueIdentifier>{a6cce1b4-b436-4ca6-a5e3-305410edd91c}</UniqueIdentifier>
      <Extensions>cpp;c;cxx;rc;def;r;odl;idl;hpj;bat</Extensions>
    </Filter>
    <Filter Include="Header Files">
      <UniqueIdentifier>{0044cd02-3db4-4844-97bc-3c24789a3663}</UniqueIdentifier>
      <Extensions>h;hpp;hxx;hm;inl</Extensions>
    </Filter>
    <Filter Include="Resource Files">
      <UniqueIdentifier>{5ff6a39a-4bf7-49e0-ad76-3e70551e67c0}</UniqueIdentifier>
      <Extensions>ico;cur;bmp;dlg;rc2;rct;bin;rgs;gif;jpg;jpeg;jpe</Extensions>
    </Filter>
    <Filter Include="GridCtrl">
      <UniqueIdentifier>{1fd91cb0-e341-452b-8854-4e2da0573d7a}</UniqueIdentifier>
      <Extensions>*.h *.cpp</Extensions>
    </Filter>
    <Filter Include="Crystal">
      <UniqueIdentifier>{ebe5f3f0-1141-4c5d-9c79-ad9a5d8f67cd}</UniqueIdentifier>
      <Extensions>*.h *.cpp</Extensions>
    </Filter>
  </ItemGroup>
  <ItemGroup>
    <ClCompile Include="AsmEditDoc.cpp">
      <Filter>Source Files</Filter>
    </ClCompile>
    <ClCompile Include="AsmEditFrame.cpp">
      <Filter>Source Files</Filter>
    </ClCompile>
    <ClCompile Include="AsmEditView.cpp">
      <Filter>Source Files</Filter>
    </ClCompile>
    <ClCompile Include="AsmInstruction.cpp">
      <Filter>Source Files</Filter>
    </ClCompile>
    <ClCompile Include="ChildFrm.cpp">
      <Filter>Source Files</Filter>
    </ClCompile>
    <ClCompile Include="CntrItem.cpp">
      <Filter>Source Files</Filter>
    </ClCompile>
    <ClCompile Include="CycleDlg.cpp">
      <Filter>Source Files</Filter>
    </ClCompile>
    <ClCompile Include="Error.cpp">
      <Filter>Source Files</Filter>
    </ClCompile>
    <ClCompile Include="ExecInstCtrl.cpp">
      <Filter>Source Files</Filter>
    </ClCompile>
    <ClCompile Include="hyperlink.cpp">
      <Filter>Source Files</Filter>
    </ClCompile>
    <ClCompile Include="IntegerDatapathCtrl.cpp">
      <Filter>Source Files</Filter>
    </ClCompile>
    <ClCompile Include="LexAnalyzer.cpp">
      <Filter>Source Files</Filter>
    </ClCompile>
    <ClCompile Include="line.cpp">
      <Filter>Source Files</Filter>
    </ClCompile>
    <ClCompile Include="MainFrm.cpp">
      <Filter>Source Files</Filter>
    </ClCompile>
    <ClCompile Include="MemDlg.cpp">
      <Filter>Source Files</Filter>
    </ClCompile>
    <ClCompile Include="MIPSAsmGrammar.cpp">
      <Filter>Source Files</Filter>
    </ClCompile>
    <ClCompile Include="MIPSPipelineDlg.cpp">
      <Filter>Source Files</Filter>
    </ClCompile>
    <ClCompile Include="MIPSSimulator.cpp">
      <Filter>Source Files</Filter>
    </ClCompile>
    <ClCompile Include="Pipeline.cpp">
      <Filter>Source Files</Filter>
    </ClCompile>
    <ClCompile Include="PipelineDoc.cpp">
      <Filter>Source Files</Filter>
    </ClCompile>
    <ClCompile Include="PipelineView.cpp">
      <Filter>Source Files</Filter>
    </ClCompile>
    <ClCompile Include="RegDlg.cpp">
      <Filter>Source Files</Filter>
    </ClCompile>
    <ClCompile Include="ResetDlg.cpp">
      <Filter>Source Files</Filter>
    </ClCompile>
    <ClCompile Include="SimConfigDlg.cpp">
      <Filter>Source Files</Filter>
    </ClCompile>
    <ClCompile Include="SimulatorDlg.cpp">
      <Filter>Source Files</Filter>
    </ClCompile>
    <ClCompile Include="StatDlg.cpp">
      <Filter>Source Files</Filter>
    </ClCompile>
    <ClCompile Include="StdAfx.cpp">
      <Filter>Source Files</Filter>
    </ClCompile>
    <ClCompile Include="TextCtrl.cpp">
      <Filter>Source Files</Filter>
    </ClCompile>
    <ClCompile Include="Tokenizer.cpp">
      <Filter>Source Files</Filter>
    </ClCompile>
    <ClCompile Include="TraceDlg.cpp">
      <Filter>Source Files</Filter>
    </ClCompile>
    <ClCompile Include="XPButton.cpp">
      <Filter>Source Files</Filter>
    </ClCompile>
    <ClCompile Include="GridCtrl\ComboGridCtrl.cpp">
      <Filter>GridCtrl</Filter>
    </ClCompile>
    <ClCompile Include="GridCtrl\GridCtrl.cpp">
      <Filter>GridCtrl</Filter>
    </ClCompile>
    <ClCompile Include="GridCtrl\GridDropTarget.cpp">
      <Filter>GridCtrl</Filter>
    </ClCompile>
    <ClCompile Include="GridCtrl\InPlaceEdit.cpp">
      <Filter>GridCtrl</Filter>
    </ClCompile>
    <ClCompile Include="GridCtrl\InPlaceList.cpp">
      <Filter>GridCtrl</Filter>
    </ClCompile>
    <ClCompile Include="GridCtrl\TitleTip.cpp">
      <Filter>GridCtrl</Filter>
    </ClCompile>
    <ClCompile Include="Crystal\CCrystalEditView.cpp">
      <Filter>Crystal</Filter>
    </ClCompile>
    <ClCompile Include="Crystal\CCrystalTextBuffer.cpp">
      <Filter>Crystal</Filter>
    </ClCompile>
    <ClCompile Include="Crystal\CCrystalTextView.cpp">
      <Filter>Crystal</Filter>
    </ClCompile>
    <ClCompile Include="Crystal\CCrystalTextView2.cpp">
      <Filter>Crystal</Filter>
    </ClCompile>
    <ClCompile Include="Crystal\CEditReplaceDlg.cpp">
      <Filter>Crystal</Filter>
    </ClCompile>
    <ClCompile Include="Crystal\CFindTextDlg.cpp">
      <Filter>Crystal</Filter>
    </ClCompile>
  </ItemGroup>
  <ItemGroup>
    <ResourceCompile Include="Pipeline.rc">
      <Filter>Source Files</Filter>
    </ResourceCompile>
  </ItemGroup>
  <ItemGroup>
    <ClInclude Include="AsmEditDoc.h">
      <Filter>Header Files</Filter>
    </ClInclude>
    <ClInclude Include="AsmEditFrame.h">
      <Filter>Header Files</Filter>
    </ClInclude>
    <ClInclude Include="AsmEditView.h">
      <Filter>Header Files</Filter>
    </ClInclude>
    <ClInclude Include="AsmInstruction.h">
      <Filter>Header Files</Filter>
    </ClInclude>
    <ClInclude Include="ChildFrm.h">
      <Filter>Header Files</Filter>
    </ClInclude>
    <ClInclude Include="CntrItem.h">
      <Filter>Header Files</Filter>
    </ClInclude>
    <ClInclude Include="CycleDlg.h">
      <Filter>Header Files</Filter>
    </ClInclude>
    <ClInclude Include="Error.h">
      <Filter>Header Files</Filter>
    </ClInclude>
    <ClInclude Include="ExecInstCtrl.h">
      <Filter>Header Files</Filter>
    </ClInclude>
    <ClInclude Include="hyperlink.h">
      <Filter>Header Files</Filter>
    </ClInclude>
    <ClInclude Include="IntegerDatapathCtrl.h">
      <Filter>Header Files</Filter>
    </ClInclude>
    <ClInclude Include="LexAnalyzer.h">
      <Filter>Header Files</Filter>
    </ClInclude>
    <ClInclude Include="line.h">
      <Filter>Header Files</Filter>
    </ClInclude>
    <ClInclude Include="MainFrm.h">
      <Filter>Header Files</Filter>
    </ClInclude>
    <ClInclude Include="MemDlg.h">
      <Filter>Header Files</Filter>
    </ClInclude>
    <ClInclude Include="MIPSPipelineDlg.h">
      <Filter>Header Files</Filter>
    </ClInclude>
    <ClInclude Include="MIPSSimulator.h">
      <Filter>Header Files</Filter>
    </ClInclude>
    <ClInclude Include="Pipeline.h">
      <Filter>Header Files</Filter>
    </ClInclude>
    <ClInclude Include="PipelineDoc.h">
      <Filter>Header Files</Filter>
    </ClInclude>
    <ClInclude Include="PipelineView.h">
      <Filter>Header Files</Filter>
    </ClInclude>
    <ClInclude Include="RegDlg.h">
      <Filter>Header Files</Filter>
    </ClInclude>
    <ClInclude Include="ResetDlg.h">
      <Filter>Header Files</Filter>
    </ClInclude>
    <ClInclude Include="Resource.h">
      <Filter>Header Files</Filter>
    </ClInclude>
    <ClInclude Include="SimConfigDlg.h">
      <Filter>Header Files</Filter>
    </ClInclude>
    <ClInclude Include="SimulatorDlg.h">
      <Filter>Header Files</Filter>
    </ClInclude>
    <ClInclude Include="StatDlg.h">
      <Filter>Header Files</Filter>
    </ClInclude>
    <ClInclude Include="StdAfx.h">
      <Filter>Header Files</Filter>
    </ClInclude>
    <ClInclude Include="TextCtrl.h">
      <Filter>Header Files</Filter>
    </ClInclude>
    <ClInclude Include="Tokenizer.h">
      <Filter>Header Files</Filter>
    </ClInclude>
    <ClInclude Include="TraceDlg.h">
      <Filter>Header Files</Filter>
    </ClInclude>
    <ClInclude Include="XPButton.h">
      <Filter>Header Files</Filter>
    </ClInclude>
    <ClInclude Include="GridCtrl\CellRange.h">
      <Filter>GridCtrl</Filter>
    </ClInclude>
    <ClInclude Include="GridCtrl\ComboGridCtrl.h">
      <Filter>GridCtrl</Filter>
    </ClInclude>
    <ClInclude Include="GridCtrl\GridCtrl.h">
      <Filter>GridCtrl</Filter>
    </ClInclude>
    <ClInclude Include="GridCtrl\GridDropTarget.h">
      <Filter>GridCtrl</Filter>
    </ClInclude>
    <ClInclude Include="GridCtrl\InPlaceEdit.h">
      <Filter>GridCtrl</Filter>
    </ClInclude>
    <ClInclude Include="GridCtrl\InPlaceList.h">
      <Filter>GridCtrl</Filter>
    </ClInclude>
    <ClInclude Include="GridCtrl\MemDC.h">
      <Filter>GridCtrl</Filter>
    </ClInclude>
    <ClInclude Include="GridCtrl\TitleTip.h">
      <Filter>GridCtrl</Filter>
    </ClInclude>
    <ClInclude Include="Crystal\CCrystalEditView.h">
      <Filter>Crystal</Filter>
    </ClInclude>
    <ClInclude Include="Crystal\CCrystalTextBuffer.h">
      <Filter>Crystal</Filter>
    </ClInclude>
    <ClInclude Include="Crystal\CCrystalTextView.h">
      <Filter>Crystal</Filter>
    </ClInclude>
    <ClInclude Include="Crystal\CEDEFS.H">
      <Filter>Crystal</Filter>
    </ClInclude>
    <ClInclude Include="Crystal\CEditReplaceDlg.h">
      <Filter>Crystal</Filter>
    </ClInclude>
    <ClInclude Include="Crystal\CFindTextDlg.h">
      <Filter>Crystal</Filter>
    </ClInclude>
  </ItemGroup>
  <ItemGroup>
    <Image Include="res\asmtype.bmp">
      <Filter>Resource Files</Filter>
    </Image>
    <Image Include="res\idr_main.ico">
      <Filter>Resource Files</Filter>
    </Image>
    <Image Include="res\idr_pipe.ico">
      <Filter>Resource Files</Filter>
    </Image>
    <Image Include="res\Pipeline.ico">
      <Filter>Resource Files</Filter>
    </Image>
    <Image Include="res\PipelineDoc.ico">
      <Filter>Resource Files</Filter>
    </Image>
    <Image Include="res\Toolbar.bmp">
      <Filter>Resource Files</Filter>
    </Image>
  </ItemGroup>
  <ItemGroup>
    <Text Include="ReadMe.txt" />
  </ItemGroup>
  <ItemGroup>
    <CustomBuild Include="arrow.cur">
      <Filter>Resource Files</Filter>
    </CustomBuild>
    <CustomBuild Include="res\cursor1.cur">
      <Filter>Resource Files</Filter>
    </CustomBuild>
    <CustomBuild Include="res\Pipeline.rc2">
      <Filter>Resource Files</Filter>
    </CustomBuild>
    <CustomBuild Include="Crystal\CCrystalEditView.inl">
      <Filter>Crystal</Filter>
    </CustomBuild>
    <CustomBuild Include="Crystal\CCrystalTextBuffer.inl">
      <Filter>Crystal</Filter>
    </CustomBuild>
    <CustomBuild Include="Crystal\CCrystalTextView.inl">
      <Filter>Crystal</Filter>
    </CustomBuild>
  </ItemGroup>
</Project>